// !$*UTF8*$!
{
	archiveVersion = 1;
	classes = {
	};
	objectVersion = 56;
	objects = {

/* Begin PBXBuildFile section */
		8C1A344A2A55C225006CCB5C /* AddToBasketResult.swift in Sources */ = {isa = PBXBuildFile; fileRef = 8C1A34492A55C225006CCB5C /* AddToBasketResult.swift */; };
		8C1A344C2A55C254006CCB5C /* DeleteFromBasketResult.swift in Sources */ = {isa = PBXBuildFile; fileRef = 8C1A344B2A55C254006CCB5C /* DeleteFromBasketResult.swift */; };
		8C1A344E2A55C2A2006CCB5C /* BasketRequestFactory.swift in Sources */ = {isa = PBXBuildFile; fileRef = 8C1A344D2A55C2A2006CCB5C /* BasketRequestFactory.swift */; };
		8C1A34502A55C36F006CCB5C /* Basket.swift in Sources */ = {isa = PBXBuildFile; fileRef = 8C1A344F2A55C36F006CCB5C /* Basket.swift */; };
		8C1A34522A55C648006CCB5C /* BasketTest.swift in Sources */ = {isa = PBXBuildFile; fileRef = 8C1A34512A55C648006CCB5C /* BasketTest.swift */; };
		8C1A34542A570E30006CCB5C /* PayBasketResult.swift in Sources */ = {isa = PBXBuildFile; fileRef = 8C1A34532A570E30006CCB5C /* PayBasketResult.swift */; };
		8C1F6E7D2A45AB7600F71C53 /* ResponseCodableTests.swift in Sources */ = {isa = PBXBuildFile; fileRef = 8C1F6E7C2A45AB7600F71C53 /* ResponseCodableTests.swift */; };
		8C48856B2A49ADD3001A3C08 /* AuthTests.swift in Sources */ = {isa = PBXBuildFile; fileRef = 8C48856A2A49ADD3001A3C08 /* AuthTests.swift */; };
		8C68AB512A422FD700DF9C28 /* LogoutResult.swift in Sources */ = {isa = PBXBuildFile; fileRef = 8C68AB502A422FD700DF9C28 /* LogoutResult.swift */; };
		8C68AB532A42305100DF9C28 /* ChangeUserDataResult.swift in Sources */ = {isa = PBXBuildFile; fileRef = 8C68AB522A42305100DF9C28 /* ChangeUserDataResult.swift */; };
		8C68AB552A42309700DF9C28 /* RegisterUserResult.swift in Sources */ = {isa = PBXBuildFile; fileRef = 8C68AB542A42309700DF9C28 /* RegisterUserResult.swift */; };
		8C68AB572A43073C00DF9C28 /* LogoutRequestFactory.swift in Sources */ = {isa = PBXBuildFile; fileRef = 8C68AB562A43073C00DF9C28 /* LogoutRequestFactory.swift */; };
		8C68AB592A43079D00DF9C28 /* Logout.swift in Sources */ = {isa = PBXBuildFile; fileRef = 8C68AB582A43079D00DF9C28 /* Logout.swift */; };
		8C68AB5B2A430B2000DF9C28 /* RegisterRequestFactory.swift in Sources */ = {isa = PBXBuildFile; fileRef = 8C68AB5A2A430B2000DF9C28 /* RegisterRequestFactory.swift */; };
		8C68AB5D2A430B6400DF9C28 /* RegisterUser.swift in Sources */ = {isa = PBXBuildFile; fileRef = 8C68AB5C2A430B6400DF9C28 /* RegisterUser.swift */; };
		8C68AB5F2A430D2B00DF9C28 /* ChangeRequestFactory.swift in Sources */ = {isa = PBXBuildFile; fileRef = 8C68AB5E2A430D2B00DF9C28 /* ChangeRequestFactory.swift */; };
		8C68AB612A430D8C00DF9C28 /* ChangeData.swift in Sources */ = {isa = PBXBuildFile; fileRef = 8C68AB602A430D8C00DF9C28 /* ChangeData.swift */; };
		8CB726A82A51F5B500B74341 /* AddReviewResultt.swift in Sources */ = {isa = PBXBuildFile; fileRef = 8CB726A72A51F5B500B74341 /* AddReviewResultt.swift */; };
		8CB726AC2A51F5F300B74341 /* RemoveReviewResult.swift in Sources */ = {isa = PBXBuildFile; fileRef = 8CB726AB2A51F5F300B74341 /* RemoveReviewResult.swift */; };
		8CB726B42A51F6EE00B74341 /* Reviews.swift in Sources */ = {isa = PBXBuildFile; fileRef = 8CB726B32A51F6EE00B74341 /* Reviews.swift */; };
		8CB726BA2A51F8AA00B74341 /* ReviewRequestFactory.swift in Sources */ = {isa = PBXBuildFile; fileRef = 8CB726B92A51F8AA00B74341 /* ReviewRequestFactory.swift */; };
		8CB726C02A51FC1F00B74341 /* ReviewTestss.swift in Sources */ = {isa = PBXBuildFile; fileRef = 8CB726BF2A51FC1F00B74341 /* ReviewTestss.swift */; };
		8CBC756C2A49B4D000FD9018 /* GetProuctRequestFactory.swift in Sources */ = {isa = PBXBuildFile; fileRef = 8CBC756B2A49B4D000FD9018 /* GetProuctRequestFactory.swift */; };
		8CBC756E2A49B51A00FD9018 /* GetProducts.swift in Sources */ = {isa = PBXBuildFile; fileRef = 8CBC756D2A49B51A00FD9018 /* GetProducts.swift */; };
		8CBC75702A49B59100FD9018 /* Product.swift in Sources */ = {isa = PBXBuildFile; fileRef = 8CBC756F2A49B59100FD9018 /* Product.swift */; };
		8CBC75722A49B5EA00FD9018 /* GetProductResults.swift in Sources */ = {isa = PBXBuildFile; fileRef = 8CBC75712A49B5EA00FD9018 /* GetProductResults.swift */; };
		8CBC75742A49B72D00FD9018 /* ProductTests.swift in Sources */ = {isa = PBXBuildFile; fileRef = 8CBC75732A49B72D00FD9018 /* ProductTests.swift */; };
		8CBC75762A49B85200FD9018 /* UserTests.swift in Sources */ = {isa = PBXBuildFile; fileRef = 8CBC75752A49B85200FD9018 /* UserTests.swift */; };
		8CED840C2A41B0E10056C0DA /* AppDelegate.swift in Sources */ = {isa = PBXBuildFile; fileRef = 8CED840B2A41B0E10056C0DA /* AppDelegate.swift */; };
		8CED840E2A41B0E10056C0DA /* SceneDelegate.swift in Sources */ = {isa = PBXBuildFile; fileRef = 8CED840D2A41B0E10056C0DA /* SceneDelegate.swift */; };
		8CED84102A41B0E10056C0DA /* ViewController.swift in Sources */ = {isa = PBXBuildFile; fileRef = 8CED840F2A41B0E10056C0DA /* ViewController.swift */; };
		8CED84132A41B0E10056C0DA /* Main.storyboard in Resources */ = {isa = PBXBuildFile; fileRef = 8CED84112A41B0E10056C0DA /* Main.storyboard */; };
		8CED84152A41B0E20056C0DA /* Assets.xcassets in Resources */ = {isa = PBXBuildFile; fileRef = 8CED84142A41B0E20056C0DA /* Assets.xcassets */; };
		8CED84182A41B0E20056C0DA /* LaunchScreen.storyboard in Resources */ = {isa = PBXBuildFile; fileRef = 8CED84162A41B0E20056C0DA /* LaunchScreen.storyboard */; };
		8CED84232A41B0E20056C0DA /* ShopGBTests.swift in Sources */ = {isa = PBXBuildFile; fileRef = 8CED84222A41B0E20056C0DA /* ShopGBTests.swift */; };
		8CED842D2A41B0E20056C0DA /* ShopGBUITests.swift in Sources */ = {isa = PBXBuildFile; fileRef = 8CED842C2A41B0E20056C0DA /* ShopGBUITests.swift */; };
		8CED842F2A41B0E20056C0DA /* ShopGBUITestsLaunchTests.swift in Sources */ = {isa = PBXBuildFile; fileRef = 8CED842E2A41B0E20056C0DA /* ShopGBUITestsLaunchTests.swift */; };
		8CED84452A41B55D0056C0DA /* AuthRequestFactory.swift in Sources */ = {isa = PBXBuildFile; fileRef = 8CED84442A41B55D0056C0DA /* AuthRequestFactory.swift */; };
		8CED84482A41B57E0056C0DA /* Alamofire in Frameworks */ = {isa = PBXBuildFile; productRef = 8CED84472A41B57E0056C0DA /* Alamofire */; };
		8CED844A2A41B5A00056C0DA /* Auth.swift in Sources */ = {isa = PBXBuildFile; fileRef = 8CED84492A41B5A00056C0DA /* Auth.swift */; };
		8CED844C2A41B5C20056C0DA /* RequestFactory.swift in Sources */ = {isa = PBXBuildFile; fileRef = 8CED844B2A41B5C20056C0DA /* RequestFactory.swift */; };
		8CED844E2A41B5E10056C0DA /* LoginResult.swift in Sources */ = {isa = PBXBuildFile; fileRef = 8CED844D2A41B5E10056C0DA /* LoginResult.swift */; };
		8CED84502A41B6010056C0DA /* User.swift in Sources */ = {isa = PBXBuildFile; fileRef = 8CED844F2A41B6010056C0DA /* User.swift */; };
		8CED84532A41B6450056C0DA /* AbstractErrorParser.swift in Sources */ = {isa = PBXBuildFile; fileRef = 8CED84522A41B6450056C0DA /* AbstractErrorParser.swift */; };
		8CED84552A41B6630056C0DA /* ErrorParser.swift in Sources */ = {isa = PBXBuildFile; fileRef = 8CED84542A41B6630056C0DA /* ErrorParser.swift */; };
		8CED84572A41B67F0056C0DA /* DataRequest.swift in Sources */ = {isa = PBXBuildFile; fileRef = 8CED84562A41B67F0056C0DA /* DataRequest.swift */; };
		8CED84592A41B6A20056C0DA /* CustomDecodableSerializer.swift in Sources */ = {isa = PBXBuildFile; fileRef = 8CED84582A41B6A20056C0DA /* CustomDecodableSerializer.swift */; };
		8CED845B2A41B6C10056C0DA /* RequestRouter.swift in Sources */ = {isa = PBXBuildFile; fileRef = 8CED845A2A41B6C10056C0DA /* RequestRouter.swift */; };
/* End PBXBuildFile section */

/* Begin PBXContainerItemProxy section */
		8CED841F2A41B0E20056C0DA /* PBXContainerItemProxy */ = {
			isa = PBXContainerItemProxy;
			containerPortal = 8CED84002A41B0E10056C0DA /* Project object */;
			proxyType = 1;
			remoteGlobalIDString = 8CED84072A41B0E10056C0DA;
			remoteInfo = ShopGB;
		};
		8CED84292A41B0E20056C0DA /* PBXContainerItemProxy */ = {
			isa = PBXContainerItemProxy;
			containerPortal = 8CED84002A41B0E10056C0DA /* Project object */;
			proxyType = 1;
			remoteGlobalIDString = 8CED84072A41B0E10056C0DA;
			remoteInfo = ShopGB;
		};
/* End PBXContainerItemProxy section */

/* Begin PBXFileReference section */
		8C1A34492A55C225006CCB5C /* AddToBasketResult.swift */ = {isa = PBXFileReference; lastKnownFileType = sourcecode.swift; path = AddToBasketResult.swift; sourceTree = "<group>"; };
		8C1A344B2A55C254006CCB5C /* DeleteFromBasketResult.swift */ = {isa = PBXFileReference; lastKnownFileType = sourcecode.swift; path = DeleteFromBasketResult.swift; sourceTree = "<group>"; };
		8C1A344D2A55C2A2006CCB5C /* BasketRequestFactory.swift */ = {isa = PBXFileReference; lastKnownFileType = sourcecode.swift; path = BasketRequestFactory.swift; sourceTree = "<group>"; };
		8C1A344F2A55C36F006CCB5C /* Basket.swift */ = {isa = PBXFileReference; lastKnownFileType = sourcecode.swift; path = Basket.swift; sourceTree = "<group>"; };
		8C1A34512A55C648006CCB5C /* BasketTest.swift */ = {isa = PBXFileReference; lastKnownFileType = sourcecode.swift; path = BasketTest.swift; sourceTree = "<group>"; };
		8C1A34532A570E30006CCB5C /* PayBasketResult.swift */ = {isa = PBXFileReference; lastKnownFileType = sourcecode.swift; path = PayBasketResult.swift; sourceTree = "<group>"; };
		8C1F6E7C2A45AB7600F71C53 /* ResponseCodableTests.swift */ = {isa = PBXFileReference; lastKnownFileType = sourcecode.swift; path = ResponseCodableTests.swift; sourceTree = "<group>"; };
		8C48856A2A49ADD3001A3C08 /* AuthTests.swift */ = {isa = PBXFileReference; lastKnownFileType = sourcecode.swift; path = AuthTests.swift; sourceTree = "<group>"; };
		8C68AB502A422FD700DF9C28 /* LogoutResult.swift */ = {isa = PBXFileReference; lastKnownFileType = sourcecode.swift; path = LogoutResult.swift; sourceTree = "<group>"; };
		8C68AB522A42305100DF9C28 /* ChangeUserDataResult.swift */ = {isa = PBXFileReference; lastKnownFileType = sourcecode.swift; path = ChangeUserDataResult.swift; sourceTree = "<group>"; };
		8C68AB542A42309700DF9C28 /* RegisterUserResult.swift */ = {isa = PBXFileReference; lastKnownFileType = sourcecode.swift; path = RegisterUserResult.swift; sourceTree = "<group>"; };
		8C68AB562A43073C00DF9C28 /* LogoutRequestFactory.swift */ = {isa = PBXFileReference; lastKnownFileType = sourcecode.swift; path = LogoutRequestFactory.swift; sourceTree = "<group>"; };
		8C68AB582A43079D00DF9C28 /* Logout.swift */ = {isa = PBXFileReference; lastKnownFileType = sourcecode.swift; path = Logout.swift; sourceTree = "<group>"; };
		8C68AB5A2A430B2000DF9C28 /* RegisterRequestFactory.swift */ = {isa = PBXFileReference; lastKnownFileType = sourcecode.swift; path = RegisterRequestFactory.swift; sourceTree = "<group>"; };
		8C68AB5C2A430B6400DF9C28 /* RegisterUser.swift */ = {isa = PBXFileReference; lastKnownFileType = sourcecode.swift; path = RegisterUser.swift; sourceTree = "<group>"; };
		8C68AB5E2A430D2B00DF9C28 /* ChangeRequestFactory.swift */ = {isa = PBXFileReference; lastKnownFileType = sourcecode.swift; path = ChangeRequestFactory.swift; sourceTree = "<group>"; };
		8C68AB602A430D8C00DF9C28 /* ChangeData.swift */ = {isa = PBXFileReference; lastKnownFileType = sourcecode.swift; path = ChangeData.swift; sourceTree = "<group>"; };
		8CB726A72A51F5B500B74341 /* AddReviewResultt.swift */ = {isa = PBXFileReference; lastKnownFileType = sourcecode.swift; path = AddReviewResultt.swift; sourceTree = "<group>"; };
		8CB726AB2A51F5F300B74341 /* RemoveReviewResult.swift */ = {isa = PBXFileReference; lastKnownFileType = sourcecode.swift; path = RemoveReviewResult.swift; sourceTree = "<group>"; };
		8CB726B32A51F6EE00B74341 /* Reviews.swift */ = {isa = PBXFileReference; lastKnownFileType = sourcecode.swift; path = Reviews.swift; sourceTree = "<group>"; };
		8CB726B92A51F8AA00B74341 /* ReviewRequestFactory.swift */ = {isa = PBXFileReference; lastKnownFileType = sourcecode.swift; path = ReviewRequestFactory.swift; sourceTree = "<group>"; };
		8CB726BF2A51FC1F00B74341 /* ReviewTestss.swift */ = {isa = PBXFileReference; lastKnownFileType = sourcecode.swift; path = ReviewTestss.swift; sourceTree = "<group>"; };
		8CBC756B2A49B4D000FD9018 /* GetProuctRequestFactory.swift */ = {isa = PBXFileReference; lastKnownFileType = sourcecode.swift; path = GetProuctRequestFactory.swift; sourceTree = "<group>"; };
		8CBC756D2A49B51A00FD9018 /* GetProducts.swift */ = {isa = PBXFileReference; lastKnownFileType = sourcecode.swift; path = GetProducts.swift; sourceTree = "<group>"; };
		8CBC756F2A49B59100FD9018 /* Product.swift */ = {isa = PBXFileReference; lastKnownFileType = sourcecode.swift; path = Product.swift; sourceTree = "<group>"; };
		8CBC75712A49B5EA00FD9018 /* GetProductResults.swift */ = {isa = PBXFileReference; lastKnownFileType = sourcecode.swift; path = GetProductResults.swift; sourceTree = "<group>"; };
		8CBC75732A49B72D00FD9018 /* ProductTests.swift */ = {isa = PBXFileReference; lastKnownFileType = sourcecode.swift; path = ProductTests.swift; sourceTree = "<group>"; };
		8CBC75752A49B85200FD9018 /* UserTests.swift */ = {isa = PBXFileReference; lastKnownFileType = sourcecode.swift; path = UserTests.swift; sourceTree = "<group>"; };
		8CED84082A41B0E10056C0DA /* ShopGB.app */ = {isa = PBXFileReference; explicitFileType = wrapper.application; includeInIndex = 0; path = ShopGB.app; sourceTree = BUILT_PRODUCTS_DIR; };
		8CED840B2A41B0E10056C0DA /* AppDelegate.swift */ = {isa = PBXFileReference; lastKnownFileType = sourcecode.swift; path = AppDelegate.swift; sourceTree = "<group>"; };
		8CED840D2A41B0E10056C0DA /* SceneDelegate.swift */ = {isa = PBXFileReference; lastKnownFileType = sourcecode.swift; path = SceneDelegate.swift; sourceTree = "<group>"; };
		8CED840F2A41B0E10056C0DA /* ViewController.swift */ = {isa = PBXFileReference; lastKnownFileType = sourcecode.swift; path = ViewController.swift; sourceTree = "<group>"; };
		8CED84122A41B0E10056C0DA /* Base */ = {isa = PBXFileReference; lastKnownFileType = file.storyboard; name = Base; path = Base.lproj/Main.storyboard; sourceTree = "<group>"; };
		8CED84142A41B0E20056C0DA /* Assets.xcassets */ = {isa = PBXFileReference; lastKnownFileType = folder.assetcatalog; path = Assets.xcassets; sourceTree = "<group>"; };
		8CED84172A41B0E20056C0DA /* Base */ = {isa = PBXFileReference; lastKnownFileType = file.storyboard; name = Base; path = Base.lproj/LaunchScreen.storyboard; sourceTree = "<group>"; };
		8CED84192A41B0E20056C0DA /* Info.plist */ = {isa = PBXFileReference; lastKnownFileType = text.plist.xml; path = Info.plist; sourceTree = "<group>"; };
		8CED841E2A41B0E20056C0DA /* ShopGBTests.xctest */ = {isa = PBXFileReference; explicitFileType = wrapper.cfbundle; includeInIndex = 0; path = ShopGBTests.xctest; sourceTree = BUILT_PRODUCTS_DIR; };
		8CED84222A41B0E20056C0DA /* ShopGBTests.swift */ = {isa = PBXFileReference; lastKnownFileType = sourcecode.swift; path = ShopGBTests.swift; sourceTree = "<group>"; };
		8CED84282A41B0E20056C0DA /* ShopGBUITests.xctest */ = {isa = PBXFileReference; explicitFileType = wrapper.cfbundle; includeInIndex = 0; path = ShopGBUITests.xctest; sourceTree = BUILT_PRODUCTS_DIR; };
		8CED842C2A41B0E20056C0DA /* ShopGBUITests.swift */ = {isa = PBXFileReference; lastKnownFileType = sourcecode.swift; path = ShopGBUITests.swift; sourceTree = "<group>"; };
		8CED842E2A41B0E20056C0DA /* ShopGBUITestsLaunchTests.swift */ = {isa = PBXFileReference; lastKnownFileType = sourcecode.swift; path = ShopGBUITestsLaunchTests.swift; sourceTree = "<group>"; };
		8CED84442A41B55D0056C0DA /* AuthRequestFactory.swift */ = {isa = PBXFileReference; lastKnownFileType = sourcecode.swift; path = AuthRequestFactory.swift; sourceTree = "<group>"; };
		8CED84492A41B5A00056C0DA /* Auth.swift */ = {isa = PBXFileReference; lastKnownFileType = sourcecode.swift; path = Auth.swift; sourceTree = "<group>"; };
		8CED844B2A41B5C20056C0DA /* RequestFactory.swift */ = {isa = PBXFileReference; lastKnownFileType = sourcecode.swift; path = RequestFactory.swift; sourceTree = "<group>"; };
		8CED844D2A41B5E10056C0DA /* LoginResult.swift */ = {isa = PBXFileReference; lastKnownFileType = sourcecode.swift; path = LoginResult.swift; sourceTree = "<group>"; };
		8CED844F2A41B6010056C0DA /* User.swift */ = {isa = PBXFileReference; lastKnownFileType = sourcecode.swift; path = User.swift; sourceTree = "<group>"; };
		8CED84522A41B6450056C0DA /* AbstractErrorParser.swift */ = {isa = PBXFileReference; lastKnownFileType = sourcecode.swift; path = AbstractErrorParser.swift; sourceTree = "<group>"; };
		8CED84542A41B6630056C0DA /* ErrorParser.swift */ = {isa = PBXFileReference; lastKnownFileType = sourcecode.swift; path = ErrorParser.swift; sourceTree = "<group>"; };
		8CED84562A41B67F0056C0DA /* DataRequest.swift */ = {isa = PBXFileReference; lastKnownFileType = sourcecode.swift; path = DataRequest.swift; sourceTree = "<group>"; };
		8CED84582A41B6A20056C0DA /* CustomDecodableSerializer.swift */ = {isa = PBXFileReference; lastKnownFileType = sourcecode.swift; path = CustomDecodableSerializer.swift; sourceTree = "<group>"; };
		8CED845A2A41B6C10056C0DA /* RequestRouter.swift */ = {isa = PBXFileReference; lastKnownFileType = sourcecode.swift; path = RequestRouter.swift; sourceTree = "<group>"; };
/* End PBXFileReference section */

/* Begin PBXFrameworksBuildPhase section */
		8CED84052A41B0E10056C0DA /* Frameworks */ = {
			isa = PBXFrameworksBuildPhase;
			buildActionMask = 2147483647;
			files = (
				8CED84482A41B57E0056C0DA /* Alamofire in Frameworks */,
			);
			runOnlyForDeploymentPostprocessing = 0;
		};
		8CED841B2A41B0E20056C0DA /* Frameworks */ = {
			isa = PBXFrameworksBuildPhase;
			buildActionMask = 2147483647;
			files = (
			);
			runOnlyForDeploymentPostprocessing = 0;
		};
		8CED84252A41B0E20056C0DA /* Frameworks */ = {
			isa = PBXFrameworksBuildPhase;
			buildActionMask = 2147483647;
			files = (
			);
			runOnlyForDeploymentPostprocessing = 0;
		};
/* End PBXFrameworksBuildPhase section */

/* Begin PBXGroup section */
		8C1A34472A55C173006CCB5C /* Basket */ = {
			isa = PBXGroup;
			children = (
				8C1A344D2A55C2A2006CCB5C /* BasketRequestFactory.swift */,
				8C1A344F2A55C36F006CCB5C /* Basket.swift */,
			);
			path = Basket;
			sourceTree = "<group>";
		};
		8C1A34482A55C199006CCB5C /* Basket */ = {
			isa = PBXGroup;
			children = (
				8C1A34492A55C225006CCB5C /* AddToBasketResult.swift */,
				8C1A344B2A55C254006CCB5C /* DeleteFromBasketResult.swift */,
				8C1A34532A570E30006CCB5C /* PayBasketResult.swift */,
			);
			path = Basket;
			sourceTree = "<group>";
		};
		8CB7269F2A51F3C700B74341 /* PersonalArea */ = {
			isa = PBXGroup;
			children = (
				8CED84442A41B55D0056C0DA /* AuthRequestFactory.swift */,
				8C68AB562A43073C00DF9C28 /* LogoutRequestFactory.swift */,
				8C68AB5A2A430B2000DF9C28 /* RegisterRequestFactory.swift */,
				8C68AB5E2A430D2B00DF9C28 /* ChangeRequestFactory.swift */,
				8CED84492A41B5A00056C0DA /* Auth.swift */,
				8C68AB582A43079D00DF9C28 /* Logout.swift */,
				8C68AB5C2A430B6400DF9C28 /* RegisterUser.swift */,
				8C68AB602A430D8C00DF9C28 /* ChangeData.swift */,
			);
			path = PersonalArea;
			sourceTree = "<group>";
		};
		8CB726A02A51F3F100B74341 /* Product */ = {
			isa = PBXGroup;
			children = (
				8CBC756B2A49B4D000FD9018 /* GetProuctRequestFactory.swift */,
				8CBC756D2A49B51A00FD9018 /* GetProducts.swift */,
			);
			path = Product;
			sourceTree = "<group>";
		};
		8CB726A12A51F40D00B74341 /* Review */ = {
			isa = PBXGroup;
			children = (
				8CB726B92A51F8AA00B74341 /* ReviewRequestFactory.swift */,
				8CB726B32A51F6EE00B74341 /* Reviews.swift */,
			);
			path = Review;
			sourceTree = "<group>";
		};
		8CB726A22A51F43200B74341 /* PersonalArea */ = {
			isa = PBXGroup;
			children = (
				8CED844D2A41B5E10056C0DA /* LoginResult.swift */,
				8C68AB502A422FD700DF9C28 /* LogoutResult.swift */,
				8C68AB542A42309700DF9C28 /* RegisterUserResult.swift */,
				8C68AB522A42305100DF9C28 /* ChangeUserDataResult.swift */,
				8CED844F2A41B6010056C0DA /* User.swift */,
			);
			path = PersonalArea;
			sourceTree = "<group>";
		};
		8CB726A32A51F44B00B74341 /* Product */ = {
			isa = PBXGroup;
			children = (
				8CBC756F2A49B59100FD9018 /* Product.swift */,
				8CBC75712A49B5EA00FD9018 /* GetProductResults.swift */,
			);
			path = Product;
			sourceTree = "<group>";
		};
		8CB726A42A51F52500B74341 /* Review */ = {
			isa = PBXGroup;
			children = (
				8CB726A72A51F5B500B74341 /* AddReviewResultt.swift */,
				8CB726AB2A51F5F300B74341 /* RemoveReviewResult.swift */,
			);
			path = Review;
			sourceTree = "<group>";
		};
		8CED83FF2A41B0E10056C0DA = {
			isa = PBXGroup;
			children = (
				8CED840A2A41B0E10056C0DA /* ShopGB */,
				8CED84212A41B0E20056C0DA /* ShopGBTests */,
				8CED842B2A41B0E20056C0DA /* ShopGBUITests */,
				8CED84092A41B0E10056C0DA /* Products */,
			);
			sourceTree = "<group>";
		};
		8CED84092A41B0E10056C0DA /* Products */ = {
			isa = PBXGroup;
			children = (
				8CED84082A41B0E10056C0DA /* ShopGB.app */,
				8CED841E2A41B0E20056C0DA /* ShopGBTests.xctest */,
				8CED84282A41B0E20056C0DA /* ShopGBUITests.xctest */,
			);
			name = Products;
			sourceTree = "<group>";
		};
		8CED840A2A41B0E10056C0DA /* ShopGB */ = {
			isa = PBXGroup;
			children = (
				8CED84192A41B0E20056C0DA /* Info.plist */,
				8CED843E2A41B22F0056C0DA /* App */,
				8CED843D2A41B2270056C0DA /* Core */,
				8CED843C2A41B21A0056C0DA /* Resources */,
			);
			path = ShopGB;
			sourceTree = "<group>";
		};
		8CED84212A41B0E20056C0DA /* ShopGBTests */ = {
			isa = PBXGroup;
			children = (
				8CED84222A41B0E20056C0DA /* ShopGBTests.swift */,
				8C1F6E7C2A45AB7600F71C53 /* ResponseCodableTests.swift */,
				8C48856A2A49ADD3001A3C08 /* AuthTests.swift */,
				8CBC75752A49B85200FD9018 /* UserTests.swift */,
				8CBC75732A49B72D00FD9018 /* ProductTests.swift */,
				8CB726BF2A51FC1F00B74341 /* ReviewTestss.swift */,
				8C1A34512A55C648006CCB5C /* BasketTest.swift */,
			);
			path = ShopGBTests;
			sourceTree = "<group>";
		};
		8CED842B2A41B0E20056C0DA /* ShopGBUITests */ = {
			isa = PBXGroup;
			children = (
				8CED842C2A41B0E20056C0DA /* ShopGBUITests.swift */,
				8CED842E2A41B0E20056C0DA /* ShopGBUITestsLaunchTests.swift */,
			);
			path = ShopGBUITests;
			sourceTree = "<group>";
		};
		8CED843C2A41B21A0056C0DA /* Resources */ = {
			isa = PBXGroup;
			children = (
				8CED84142A41B0E20056C0DA /* Assets.xcassets */,
				8CED84162A41B0E20056C0DA /* LaunchScreen.storyboard */,
			);
			path = Resources;
			sourceTree = "<group>";
		};
		8CED843D2A41B2270056C0DA /* Core */ = {
			isa = PBXGroup;
			children = (
				8CED84512A41B6290056C0DA /* Network */,
			);
			path = Core;
			sourceTree = "<group>";
		};
		8CED843E2A41B22F0056C0DA /* App */ = {
			isa = PBXGroup;
			children = (
				8CED840B2A41B0E10056C0DA /* AppDelegate.swift */,
				8CED840D2A41B0E10056C0DA /* SceneDelegate.swift */,
				8CED84422A41B2520056C0DA /* BusinessLogic */,
				8CED84412A41B2480056C0DA /* Entity */,
				8CED84402A41B23D0056C0DA /* Assembly */,
				8CED843F2A41B2360056C0DA /* Flows */,
			);
			path = App;
			sourceTree = "<group>";
		};
		8CED843F2A41B2360056C0DA /* Flows */ = {
			isa = PBXGroup;
			children = (
				8CED840F2A41B0E10056C0DA /* ViewController.swift */,
				8CED84112A41B0E10056C0DA /* Main.storyboard */,
			);
			path = Flows;
			sourceTree = "<group>";
		};
		8CED84402A41B23D0056C0DA /* Assembly */ = {
			isa = PBXGroup;
			children = (
			);
			path = Assembly;
			sourceTree = "<group>";
		};
		8CED84412A41B2480056C0DA /* Entity */ = {
			isa = PBXGroup;
			children = (
				8CB726A22A51F43200B74341 /* PersonalArea */,
				8CB726A32A51F44B00B74341 /* Product */,
				8CB726A42A51F52500B74341 /* Review */,
				8C1A34482A55C199006CCB5C /* Basket */,
			);
			path = Entity;
			sourceTree = "<group>";
		};
		8CED84422A41B2520056C0DA /* BusinessLogic */ = {
			isa = PBXGroup;
			children = (
				8CED84432A41B53B0056C0DA /* Network */,
			);
			path = BusinessLogic;
			sourceTree = "<group>";
		};
		8CED84432A41B53B0056C0DA /* Network */ = {
			isa = PBXGroup;
			children = (
				8CED844B2A41B5C20056C0DA /* RequestFactory.swift */,
				8CB7269F2A51F3C700B74341 /* PersonalArea */,
				8CB726A02A51F3F100B74341 /* Product */,
				8CB726A12A51F40D00B74341 /* Review */,
				8C1A34472A55C173006CCB5C /* Basket */,
			);
			path = Network;
			sourceTree = "<group>";
		};
		8CED84512A41B6290056C0DA /* Network */ = {
			isa = PBXGroup;
			children = (
				8CED84522A41B6450056C0DA /* AbstractErrorParser.swift */,
				8CED84542A41B6630056C0DA /* ErrorParser.swift */,
				8CED84562A41B67F0056C0DA /* DataRequest.swift */,
				8CED84582A41B6A20056C0DA /* CustomDecodableSerializer.swift */,
				8CED845A2A41B6C10056C0DA /* RequestRouter.swift */,
			);
			path = Network;
			sourceTree = "<group>";
		};
/* End PBXGroup section */

/* Begin PBXNativeTarget section */
		8CED84072A41B0E10056C0DA /* ShopGB */ = {
			isa = PBXNativeTarget;
			buildConfigurationList = 8CED84322A41B0E20056C0DA /* Build configuration list for PBXNativeTarget "ShopGB" */;
			buildPhases = (
				8CED84042A41B0E10056C0DA /* Sources */,
				8CED84052A41B0E10056C0DA /* Frameworks */,
				8CED84062A41B0E10056C0DA /* Resources */,
			);
			buildRules = (
			);
			dependencies = (
			);
			name = ShopGB;
			packageProductDependencies = (
				8CED84472A41B57E0056C0DA /* Alamofire */,
			);
			productName = ShopGB;
			productReference = 8CED84082A41B0E10056C0DA /* ShopGB.app */;
			productType = "com.apple.product-type.application";
		};
		8CED841D2A41B0E20056C0DA /* ShopGBTests */ = {
			isa = PBXNativeTarget;
			buildConfigurationList = 8CED84352A41B0E20056C0DA /* Build configuration list for PBXNativeTarget "ShopGBTests" */;
			buildPhases = (
				8CED841A2A41B0E20056C0DA /* Sources */,
				8CED841B2A41B0E20056C0DA /* Frameworks */,
				8CED841C2A41B0E20056C0DA /* Resources */,
			);
			buildRules = (
			);
			dependencies = (
				8CED84202A41B0E20056C0DA /* PBXTargetDependency */,
			);
			name = ShopGBTests;
			productName = ShopGBTests;
			productReference = 8CED841E2A41B0E20056C0DA /* ShopGBTests.xctest */;
			productType = "com.apple.product-type.bundle.unit-test";
		};
		8CED84272A41B0E20056C0DA /* ShopGBUITests */ = {
			isa = PBXNativeTarget;
			buildConfigurationList = 8CED84382A41B0E20056C0DA /* Build configuration list for PBXNativeTarget "ShopGBUITests" */;
			buildPhases = (
				8CED84242A41B0E20056C0DA /* Sources */,
				8CED84252A41B0E20056C0DA /* Frameworks */,
				8CED84262A41B0E20056C0DA /* Resources */,
			);
			buildRules = (
			);
			dependencies = (
				8CED842A2A41B0E20056C0DA /* PBXTargetDependency */,
			);
			name = ShopGBUITests;
			productName = ShopGBUITests;
			productReference = 8CED84282A41B0E20056C0DA /* ShopGBUITests.xctest */;
			productType = "com.apple.product-type.bundle.ui-testing";
		};
/* End PBXNativeTarget section */

/* Begin PBXProject section */
		8CED84002A41B0E10056C0DA /* Project object */ = {
			isa = PBXProject;
			attributes = {
				BuildIndependentTargetsInParallel = 1;
				LastSwiftUpdateCheck = 1430;
				LastUpgradeCheck = 1430;
				TargetAttributes = {
					8CED84072A41B0E10056C0DA = {
						CreatedOnToolsVersion = 14.3;
					};
					8CED841D2A41B0E20056C0DA = {
						CreatedOnToolsVersion = 14.3;
						TestTargetID = 8CED84072A41B0E10056C0DA;
					};
					8CED84272A41B0E20056C0DA = {
						CreatedOnToolsVersion = 14.3;
						TestTargetID = 8CED84072A41B0E10056C0DA;
					};
				};
			};
			buildConfigurationList = 8CED84032A41B0E10056C0DA /* Build configuration list for PBXProject "ShopGB" */;
			compatibilityVersion = "Xcode 14.0";
			developmentRegion = en;
			hasScannedForEncodings = 0;
			knownRegions = (
				en,
				Base,
			);
			mainGroup = 8CED83FF2A41B0E10056C0DA;
			packageReferences = (
				8CED84462A41B57E0056C0DA /* XCRemoteSwiftPackageReference "Alamofire" */,
			);
			productRefGroup = 8CED84092A41B0E10056C0DA /* Products */;
			projectDirPath = "";
			projectRoot = "";
			targets = (
				8CED84072A41B0E10056C0DA /* ShopGB */,
				8CED841D2A41B0E20056C0DA /* ShopGBTests */,
				8CED84272A41B0E20056C0DA /* ShopGBUITests */,
			);
		};
/* End PBXProject section */

/* Begin PBXResourcesBuildPhase section */
		8CED84062A41B0E10056C0DA /* Resources */ = {
			isa = PBXResourcesBuildPhase;
			buildActionMask = 2147483647;
			files = (
				8CED84182A41B0E20056C0DA /* LaunchScreen.storyboard in Resources */,
				8CED84152A41B0E20056C0DA /* Assets.xcassets in Resources */,
				8CED84132A41B0E10056C0DA /* Main.storyboard in Resources */,
			);
			runOnlyForDeploymentPostprocessing = 0;
		};
		8CED841C2A41B0E20056C0DA /* Resources */ = {
			isa = PBXResourcesBuildPhase;
			buildActionMask = 2147483647;
			files = (
			);
			runOnlyForDeploymentPostprocessing = 0;
		};
		8CED84262A41B0E20056C0DA /* Resources */ = {
			isa = PBXResourcesBuildPhase;
			buildActionMask = 2147483647;
			files = (
			);
			runOnlyForDeploymentPostprocessing = 0;
		};
/* End PBXResourcesBuildPhase section */

/* Begin PBXSourcesBuildPhase section */
		8CED84042A41B0E10056C0DA /* Sources */ = {
			isa = PBXSourcesBuildPhase;
			buildActionMask = 2147483647;
			files = (
				8CBC756E2A49B51A00FD9018 /* GetProducts.swift in Sources */,
				8CED84532A41B6450056C0DA /* AbstractErrorParser.swift in Sources */,
				8C68AB612A430D8C00DF9C28 /* ChangeData.swift in Sources */,
				8C68AB592A43079D00DF9C28 /* Logout.swift in Sources */,
				8CB726A82A51F5B500B74341 /* AddReviewResultt.swift in Sources */,
				8CED84572A41B67F0056C0DA /* DataRequest.swift in Sources */,
				8C68AB532A42305100DF9C28 /* ChangeUserDataResult.swift in Sources */,
				8C68AB5B2A430B2000DF9C28 /* RegisterRequestFactory.swift in Sources */,
				8CBC75702A49B59100FD9018 /* Product.swift in Sources */,
				8C1A34542A570E30006CCB5C /* PayBasketResult.swift in Sources */,
				8C68AB5F2A430D2B00DF9C28 /* ChangeRequestFactory.swift in Sources */,
				8C68AB5D2A430B6400DF9C28 /* RegisterUser.swift in Sources */,
				8C68AB572A43073C00DF9C28 /* LogoutRequestFactory.swift in Sources */,
				8CBC75722A49B5EA00FD9018 /* GetProductResults.swift in Sources */,
				8C68AB512A422FD700DF9C28 /* LogoutResult.swift in Sources */,
				8CB726BA2A51F8AA00B74341 /* ReviewRequestFactory.swift in Sources */,
				8CED844C2A41B5C20056C0DA /* RequestFactory.swift in Sources */,
				8CED844E2A41B5E10056C0DA /* LoginResult.swift in Sources */,
				8CBC756C2A49B4D000FD9018 /* GetProuctRequestFactory.swift in Sources */,
				8C68AB552A42309700DF9C28 /* RegisterUserResult.swift in Sources */,
				8CB726B42A51F6EE00B74341 /* Reviews.swift in Sources */,
				8CED844A2A41B5A00056C0DA /* Auth.swift in Sources */,
				8CED84102A41B0E10056C0DA /* ViewController.swift in Sources */,
				8CED84552A41B6630056C0DA /* ErrorParser.swift in Sources */,
				8C1A344C2A55C254006CCB5C /* DeleteFromBasketResult.swift in Sources */,
				8CED84502A41B6010056C0DA /* User.swift in Sources */,
				8C1A34502A55C36F006CCB5C /* Basket.swift in Sources */,
				8C1A344A2A55C225006CCB5C /* AddToBasketResult.swift in Sources */,
				8CED840C2A41B0E10056C0DA /* AppDelegate.swift in Sources */,
				8CED84452A41B55D0056C0DA /* AuthRequestFactory.swift in Sources */,
				8CED84592A41B6A20056C0DA /* CustomDecodableSerializer.swift in Sources */,
				8CED840E2A41B0E10056C0DA /* SceneDelegate.swift in Sources */,
				8CED845B2A41B6C10056C0DA /* RequestRouter.swift in Sources */,
				8CB726AC2A51F5F300B74341 /* RemoveReviewResult.swift in Sources */,
				8C1A344E2A55C2A2006CCB5C /* BasketRequestFactory.swift in Sources */,
			);
			runOnlyForDeploymentPostprocessing = 0;
		};
		8CED841A2A41B0E20056C0DA /* Sources */ = {
			isa = PBXSourcesBuildPhase;
			buildActionMask = 2147483647;
			files = (
				8CED84232A41B0E20056C0DA /* ShopGBTests.swift in Sources */,
				8CB726C02A51FC1F00B74341 /* ReviewTestss.swift in Sources */,
				8CBC75742A49B72D00FD9018 /* ProductTests.swift in Sources */,
				8CBC75762A49B85200FD9018 /* UserTests.swift in Sources */,
				8C1F6E7D2A45AB7600F71C53 /* ResponseCodableTests.swift in Sources */,
				8C1A34522A55C648006CCB5C /* BasketTest.swift in Sources */,
				8C48856B2A49ADD3001A3C08 /* AuthTests.swift in Sources */,
			);
			runOnlyForDeploymentPostprocessing = 0;
		};
		8CED84242A41B0E20056C0DA /* Sources */ = {
			isa = PBXSourcesBuildPhase;
			buildActionMask = 2147483647;
			files = (
				8CED842D2A41B0E20056C0DA /* ShopGBUITests.swift in Sources */,
				8CED842F2A41B0E20056C0DA /* ShopGBUITestsLaunchTests.swift in Sources */,
			);
			runOnlyForDeploymentPostprocessing = 0;
		};
/* End PBXSourcesBuildPhase section */

/* Begin PBXTargetDependency section */
		8CED84202A41B0E20056C0DA /* PBXTargetDependency */ = {
			isa = PBXTargetDependency;
			target = 8CED84072A41B0E10056C0DA /* ShopGB */;
			targetProxy = 8CED841F2A41B0E20056C0DA /* PBXContainerItemProxy */;
		};
		8CED842A2A41B0E20056C0DA /* PBXTargetDependency */ = {
			isa = PBXTargetDependency;
			target = 8CED84072A41B0E10056C0DA /* ShopGB */;
			targetProxy = 8CED84292A41B0E20056C0DA /* PBXContainerItemProxy */;
		};
/* End PBXTargetDependency section */

/* Begin PBXVariantGroup section */
		8CED84112A41B0E10056C0DA /* Main.storyboard */ = {
			isa = PBXVariantGroup;
			children = (
				8CED84122A41B0E10056C0DA /* Base */,
			);
			name = Main.storyboard;
			sourceTree = "<group>";
		};
		8CED84162A41B0E20056C0DA /* LaunchScreen.storyboard */ = {
			isa = PBXVariantGroup;
			children = (
				8CED84172A41B0E20056C0DA /* Base */,
			);
			name = LaunchScreen.storyboard;
			sourceTree = "<group>";
		};
/* End PBXVariantGroup section */

/* Begin XCBuildConfiguration section */
		8CED84302A41B0E20056C0DA /* Debug */ = {
			isa = XCBuildConfiguration;
			buildSettings = {
				ALWAYS_SEARCH_USER_PATHS = NO;
				CLANG_ANALYZER_NONNULL = YES;
				CLANG_ANALYZER_NUMBER_OBJECT_CONVERSION = YES_AGGRESSIVE;
				CLANG_CXX_LANGUAGE_STANDARD = "gnu++20";
				CLANG_ENABLE_MODULES = YES;
				CLANG_ENABLE_OBJC_ARC = YES;
				CLANG_ENABLE_OBJC_WEAK = YES;
				CLANG_WARN_BLOCK_CAPTURE_AUTORELEASING = YES;
				CLANG_WARN_BOOL_CONVERSION = YES;
				CLANG_WARN_COMMA = YES;
				CLANG_WARN_CONSTANT_CONVERSION = YES;
				CLANG_WARN_DEPRECATED_OBJC_IMPLEMENTATIONS = YES;
				CLANG_WARN_DIRECT_OBJC_ISA_USAGE = YES_ERROR;
				CLANG_WARN_DOCUMENTATION_COMMENTS = YES;
				CLANG_WARN_EMPTY_BODY = YES;
				CLANG_WARN_ENUM_CONVERSION = YES;
				CLANG_WARN_INFINITE_RECURSION = YES;
				CLANG_WARN_INT_CONVERSION = YES;
				CLANG_WARN_NON_LITERAL_NULL_CONVERSION = YES;
				CLANG_WARN_OBJC_IMPLICIT_RETAIN_SELF = YES;
				CLANG_WARN_OBJC_LITERAL_CONVERSION = YES;
				CLANG_WARN_OBJC_ROOT_CLASS = YES_ERROR;
				CLANG_WARN_QUOTED_INCLUDE_IN_FRAMEWORK_HEADER = YES;
				CLANG_WARN_RANGE_LOOP_ANALYSIS = YES;
				CLANG_WARN_STRICT_PROTOTYPES = YES;
				CLANG_WARN_SUSPICIOUS_MOVE = YES;
				CLANG_WARN_UNGUARDED_AVAILABILITY = YES_AGGRESSIVE;
				CLANG_WARN_UNREACHABLE_CODE = YES;
				CLANG_WARN__DUPLICATE_METHOD_MATCH = YES;
				COPY_PHASE_STRIP = NO;
				DEBUG_INFORMATION_FORMAT = dwarf;
				ENABLE_STRICT_OBJC_MSGSEND = YES;
				ENABLE_TESTABILITY = YES;
				GCC_C_LANGUAGE_STANDARD = gnu11;
				GCC_DYNAMIC_NO_PIC = NO;
				GCC_NO_COMMON_BLOCKS = YES;
				GCC_OPTIMIZATION_LEVEL = 0;
				GCC_PREPROCESSOR_DEFINITIONS = (
					"DEBUG=1",
					"$(inherited)",
				);
				GCC_WARN_64_TO_32_BIT_CONVERSION = YES;
				GCC_WARN_ABOUT_RETURN_TYPE = YES_ERROR;
				GCC_WARN_UNDECLARED_SELECTOR = YES;
				GCC_WARN_UNINITIALIZED_AUTOS = YES_AGGRESSIVE;
				GCC_WARN_UNUSED_FUNCTION = YES;
				GCC_WARN_UNUSED_VARIABLE = YES;
				IPHONEOS_DEPLOYMENT_TARGET = 16.4;
				MTL_ENABLE_DEBUG_INFO = INCLUDE_SOURCE;
				MTL_FAST_MATH = YES;
				ONLY_ACTIVE_ARCH = YES;
				SDKROOT = iphoneos;
				SWIFT_ACTIVE_COMPILATION_CONDITIONS = DEBUG;
				SWIFT_OPTIMIZATION_LEVEL = "-Onone";
			};
			name = Debug;
		};
		8CED84312A41B0E20056C0DA /* Release */ = {
			isa = XCBuildConfiguration;
			buildSettings = {
				ALWAYS_SEARCH_USER_PATHS = NO;
				CLANG_ANALYZER_NONNULL = YES;
				CLANG_ANALYZER_NUMBER_OBJECT_CONVERSION = YES_AGGRESSIVE;
				CLANG_CXX_LANGUAGE_STANDARD = "gnu++20";
				CLANG_ENABLE_MODULES = YES;
				CLANG_ENABLE_OBJC_ARC = YES;
				CLANG_ENABLE_OBJC_WEAK = YES;
				CLANG_WARN_BLOCK_CAPTURE_AUTORELEASING = YES;
				CLANG_WARN_BOOL_CONVERSION = YES;
				CLANG_WARN_COMMA = YES;
				CLANG_WARN_CONSTANT_CONVERSION = YES;
				CLANG_WARN_DEPRECATED_OBJC_IMPLEMENTATIONS = YES;
				CLANG_WARN_DIRECT_OBJC_ISA_USAGE = YES_ERROR;
				CLANG_WARN_DOCUMENTATION_COMMENTS = YES;
				CLANG_WARN_EMPTY_BODY = YES;
				CLANG_WARN_ENUM_CONVERSION = YES;
				CLANG_WARN_INFINITE_RECURSION = YES;
				CLANG_WARN_INT_CONVERSION = YES;
				CLANG_WARN_NON_LITERAL_NULL_CONVERSION = YES;
				CLANG_WARN_OBJC_IMPLICIT_RETAIN_SELF = YES;
				CLANG_WARN_OBJC_LITERAL_CONVERSION = YES;
				CLANG_WARN_OBJC_ROOT_CLASS = YES_ERROR;
				CLANG_WARN_QUOTED_INCLUDE_IN_FRAMEWORK_HEADER = YES;
				CLANG_WARN_RANGE_LOOP_ANALYSIS = YES;
				CLANG_WARN_STRICT_PROTOTYPES = YES;
				CLANG_WARN_SUSPICIOUS_MOVE = YES;
				CLANG_WARN_UNGUARDED_AVAILABILITY = YES_AGGRESSIVE;
				CLANG_WARN_UNREACHABLE_CODE = YES;
				CLANG_WARN__DUPLICATE_METHOD_MATCH = YES;
				COPY_PHASE_STRIP = NO;
				DEBUG_INFORMATION_FORMAT = "dwarf-with-dsym";
				ENABLE_NS_ASSERTIONS = NO;
				ENABLE_STRICT_OBJC_MSGSEND = YES;
				GCC_C_LANGUAGE_STANDARD = gnu11;
				GCC_NO_COMMON_BLOCKS = YES;
				GCC_WARN_64_TO_32_BIT_CONVERSION = YES;
				GCC_WARN_ABOUT_RETURN_TYPE = YES_ERROR;
				GCC_WARN_UNDECLARED_SELECTOR = YES;
				GCC_WARN_UNINITIALIZED_AUTOS = YES_AGGRESSIVE;
				GCC_WARN_UNUSED_FUNCTION = YES;
				GCC_WARN_UNUSED_VARIABLE = YES;
				IPHONEOS_DEPLOYMENT_TARGET = 16.4;
				MTL_ENABLE_DEBUG_INFO = NO;
				MTL_FAST_MATH = YES;
				SDKROOT = iphoneos;
				SWIFT_COMPILATION_MODE = wholemodule;
				SWIFT_OPTIMIZATION_LEVEL = "-O";
				VALIDATE_PRODUCT = YES;
			};
			name = Release;
		};
		8CED84332A41B0E20056C0DA /* Debug */ = {
			isa = XCBuildConfiguration;
			buildSettings = {
				ASSETCATALOG_COMPILER_APPICON_NAME = AppIcon;
				ASSETCATALOG_COMPILER_GLOBAL_ACCENT_COLOR_NAME = AccentColor;
				CODE_SIGN_STYLE = Automatic;
				CURRENT_PROJECT_VERSION = 1;
				GENERATE_INFOPLIST_FILE = YES;
				INFOPLIST_FILE = ShopGB/Info.plist;
				INFOPLIST_KEY_UIApplicationSupportsIndirectInputEvents = YES;
				INFOPLIST_KEY_UILaunchStoryboardName = LaunchScreen;
				INFOPLIST_KEY_UIMainStoryboardFile = Main;
				INFOPLIST_KEY_UISupportedInterfaceOrientations_iPad = "UIInterfaceOrientationPortrait UIInterfaceOrientationPortraitUpsideDown UIInterfaceOrientationLandscapeLeft UIInterfaceOrientationLandscapeRight";
				INFOPLIST_KEY_UISupportedInterfaceOrientations_iPhone = "UIInterfaceOrientationPortrait UIInterfaceOrientationLandscapeLeft UIInterfaceOrientationLandscapeRight";
				LD_RUNPATH_SEARCH_PATHS = (
					"$(inherited)",
					"@executable_path/Frameworks",
				);
				MARKETING_VERSION = 1.0;
				PRODUCT_BUNDLE_IDENTIFIER = com.News.ShopGB;
				PRODUCT_NAME = "$(TARGET_NAME)";
				SWIFT_EMIT_LOC_STRINGS = YES;
				SWIFT_VERSION = 5.0;
				TARGETED_DEVICE_FAMILY = "1,2";
			};
			name = Debug;
		};
		8CED84342A41B0E20056C0DA /* Release */ = {
			isa = XCBuildConfiguration;
			buildSettings = {
				ASSETCATALOG_COMPILER_APPICON_NAME = AppIcon;
				ASSETCATALOG_COMPILER_GLOBAL_ACCENT_COLOR_NAME = AccentColor;
				CODE_SIGN_STYLE = Automatic;
				CURRENT_PROJECT_VERSION = 1;
				GENERATE_INFOPLIST_FILE = YES;
				INFOPLIST_FILE = ShopGB/Info.plist;
				INFOPLIST_KEY_UIApplicationSupportsIndirectInputEvents = YES;
				INFOPLIST_KEY_UILaunchStoryboardName = LaunchScreen;
				INFOPLIST_KEY_UIMainStoryboardFile = Main;
				INFOPLIST_KEY_UISupportedInterfaceOrientations_iPad = "UIInterfaceOrientationPortrait UIInterfaceOrientationPortraitUpsideDown UIInterfaceOrientationLandscapeLeft UIInterfaceOrientationLandscapeRight";
				INFOPLIST_KEY_UISupportedInterfaceOrientations_iPhone = "UIInterfaceOrientationPortrait UIInterfaceOrientationLandscapeLeft UIInterfaceOrientationLandscapeRight";
				LD_RUNPATH_SEARCH_PATHS = (
					"$(inherited)",
					"@executable_path/Frameworks",
				);
				MARKETING_VERSION = 1.0;
				PRODUCT_BUNDLE_IDENTIFIER = com.News.ShopGB;
				PRODUCT_NAME = "$(TARGET_NAME)";
				SWIFT_EMIT_LOC_STRINGS = YES;
				SWIFT_VERSION = 5.0;
				TARGETED_DEVICE_FAMILY = "1,2";
			};
			name = Release;
		};
		8CED84362A41B0E20056C0DA /* Debug */ = {
			isa = XCBuildConfiguration;
			buildSettings = {
				ALWAYS_EMBED_SWIFT_STANDARD_LIBRARIES = YES;
				BUNDLE_LOADER = "$(TEST_HOST)";
				CODE_SIGN_STYLE = Automatic;
				CURRENT_PROJECT_VERSION = 1;
				GENERATE_INFOPLIST_FILE = YES;
				IPHONEOS_DEPLOYMENT_TARGET = 16.4;
				MARKETING_VERSION = 1.0;
				PRODUCT_BUNDLE_IDENTIFIER = com.News.ShopGBTests;
				PRODUCT_NAME = "$(TARGET_NAME)";
				SWIFT_EMIT_LOC_STRINGS = NO;
				SWIFT_VERSION = 5.0;
				TARGETED_DEVICE_FAMILY = "1,2";
				TEST_HOST = "$(BUILT_PRODUCTS_DIR)/ShopGB.app/$(BUNDLE_EXECUTABLE_FOLDER_PATH)/ShopGB";
			};
			name = Debug;
		};
		8CED84372A41B0E20056C0DA /* Release */ = {
			isa = XCBuildConfiguration;
			buildSettings = {
				ALWAYS_EMBED_SWIFT_STANDARD_LIBRARIES = YES;
				BUNDLE_LOADER = "$(TEST_HOST)";
				CODE_SIGN_STYLE = Automatic;
				CURRENT_PROJECT_VERSION = 1;
				GENERATE_INFOPLIST_FILE = YES;
				IPHONEOS_DEPLOYMENT_TARGET = 16.4;
				MARKETING_VERSION = 1.0;
				PRODUCT_BUNDLE_IDENTIFIER = com.News.ShopGBTests;
				PRODUCT_NAME = "$(TARGET_NAME)";
				SWIFT_EMIT_LOC_STRINGS = NO;
				SWIFT_VERSION = 5.0;
				TARGETED_DEVICE_FAMILY = "1,2";
				TEST_HOST = "$(BUILT_PRODUCTS_DIR)/ShopGB.app/$(BUNDLE_EXECUTABLE_FOLDER_PATH)/ShopGB";
			};
			name = Release;
		};
		8CED84392A41B0E20056C0DA /* Debug */ = {
			isa = XCBuildConfiguration;
			buildSettings = {
				ALWAYS_EMBED_SWIFT_STANDARD_LIBRARIES = YES;
				CODE_SIGN_STYLE = Automatic;
				CURRENT_PROJECT_VERSION = 1;
				GENERATE_INFOPLIST_FILE = YES;
				MARKETING_VERSION = 1.0;
				PRODUCT_BUNDLE_IDENTIFIER = com.News.ShopGBUITests;
				PRODUCT_NAME = "$(TARGET_NAME)";
				SWIFT_EMIT_LOC_STRINGS = NO;
				SWIFT_VERSION = 5.0;
				TARGETED_DEVICE_FAMILY = "1,2";
				TEST_TARGET_NAME = ShopGB;
			};
			name = Debug;
		};
		8CED843A2A41B0E20056C0DA /* Release */ = {
			isa = XCBuildConfiguration;
			buildSettings = {
				ALWAYS_EMBED_SWIFT_STANDARD_LIBRARIES = YES;
				CODE_SIGN_STYLE = Automatic;
				CURRENT_PROJECT_VERSION = 1;
				GENERATE_INFOPLIST_FILE = YES;
				MARKETING_VERSION = 1.0;
				PRODUCT_BUNDLE_IDENTIFIER = com.News.ShopGBUITests;
				PRODUCT_NAME = "$(TARGET_NAME)";
				SWIFT_EMIT_LOC_STRINGS = NO;
				SWIFT_VERSION = 5.0;
				TARGETED_DEVICE_FAMILY = "1,2";
				TEST_TARGET_NAME = ShopGB;
			};
			name = Release;
		};
/* End XCBuildConfiguration section */

/* Begin XCConfigurationList section */
		8CED84032A41B0E10056C0DA /* Build configuration list for PBXProject "ShopGB" */ = {
			isa = XCConfigurationList;
			buildConfigurations = (
				8CED84302A41B0E20056C0DA /* Debug */,
				8CED84312A41B0E20056C0DA /* Release */,
			);
			defaultConfigurationIsVisible = 0;
			defaultConfigurationName = Release;
		};
		8CED84322A41B0E20056C0DA /* Build configuration list for PBXNativeTarget "ShopGB" */ = {
			isa = XCConfigurationList;
			buildConfigurations = (
				8CED84332A41B0E20056C0DA /* Debug */,
				8CED84342A41B0E20056C0DA /* Release */,
			);
			defaultConfigurationIsVisible = 0;
			defaultConfigurationName = Release;
		};
		8CED84352A41B0E20056C0DA /* Build configuration list for PBXNativeTarget "ShopGBTests" */ = {
			isa = XCConfigurationList;
			buildConfigurations = (
				8CED84362A41B0E20056C0DA /* Debug */,
				8CED84372A41B0E20056C0DA /* Release */,
			);
			defaultConfigurationIsVisible = 0;
			defaultConfigurationName = Release;
		};
		8CED84382A41B0E20056C0DA /* Build configuration list for PBXNativeTarget "ShopGBUITests" */ = {
			isa = XCConfigurationList;
			buildConfigurations = (
				8CED84392A41B0E20056C0DA /* Debug */,
				8CED843A2A41B0E20056C0DA /* Release */,
			);
			defaultConfigurationIsVisible = 0;
			defaultConfigurationName = Release;
		};
/* End XCConfigurationList section */

/* Begin XCRemoteSwiftPackageReference section */
		8CED84462A41B57E0056C0DA /* XCRemoteSwiftPackageReference "Alamofire" */ = {
			isa = XCRemoteSwiftPackageReference;
			repositoryURL = "https://github.com/Alamofire/Alamofire.git";
			requirement = {
				kind = upToNextMajorVersion;
				minimumVersion = 5.0.0;
			};
		};
/* End XCRemoteSwiftPackageReference section */

/* Begin XCSwiftPackageProductDependency section */
		8CED84472A41B57E0056C0DA /* Alamofire */ = {
			isa = XCSwiftPackageProductDependency;
			package = 8CED84462A41B57E0056C0DA /* XCRemoteSwiftPackageReference "Alamofire" */;
			productName = Alamofire;
		};
/* End XCSwiftPackageProductDependency section */
	};
	rootObject = 8CED84002A41B0E10056C0DA /* Project object */;
}
